
Microsoft Visual Studio Solution File, Format Version 12.00
# Visual Studio Version 16
VisualStudioVersion = 16.0.29326.143
MinimumVisualStudioVersion = 10.0.40219.1
Project("{FAE04EC0-301F-11D3-BF4B-00C04F79EFBC}") = "Project_Sem_3_Crawl", "Project_Sem_3_Crawl\Project_Sem_3_Crawl.csproj", "{C72115D5-996B-44A5-8D17-22BE6819F8C6}"
EndProject
Global
	GlobalSection(SolutionConfigurationPlatforms) = preSolution
		Debug|Any CPU = Debug|Any CPU
		Release|Any CPU = Release|Any CPU
	EndGlobalSection
	GlobalSection(ProjectConfigurationPlatforms) = postSolution
		{C72115D5-996B-44A5-8D17-22BE6819F8C6}.Debug|Any CPU.ActiveCfg = Debug|Any CPU
		{C72115D5-996B-44A5-8D17-22BE6819F8C6}.Debug|Any CPU.Build.0 = Debug|Any CPU
		{C72115D5-996B-44A5-8D17-22BE6819F8C6}.Release|Any CPU.ActiveCfg = Release|Any CPU
		{C72115D5-996B-44A5-8D17-22BE6819F8C6}.Release|Any CPU.Build.0 = Release|Any CPU
	EndGlobalSection
	GlobalSection(SolutionProperties) = preSolution
		HideSolutionNode = FALSE
	EndGlobalSection
	GlobalSection(ExtensibilityGlobals) = postSolution
		SolutionGuid = {03C5AD9B-3F39-4181-8B82-630AAED1595D}
	EndGlobalSection
EndGlobal
